
Microsoft Visual Studio Solution File, Format Version 12.00
# Visual Studio 15
VisualStudioVersion = 15.0.28307.168
MinimumVisualStudioVersion = 10.0.40219.1
Project("{8BC9CEB8-8B4A-11D0-8D11-00A0C91BC942}") = "OodProject1Helper", "OodProject1Helper\OodProject1Helper.vcxproj", "{256EFCC4-C25B-43DA-B115-E3C8CC5192EA}"
EndProject
Global
	GlobalSection(SolutionConfigurationPlatforms) = preSolution
		Debug|x64 = Debug|x64
		Debug|x86 = Debug|x86
		Release|x64 = Release|x64
		Release|x86 = Release|x86
	EndGlobalSection
	GlobalSection(ProjectConfigurationPlatforms) = postSolution
		{256EFCC4-C25B-43DA-B115-E3C8CC5192EA}.Debug|x64.ActiveCfg = Debug|x64
		{256EFCC4-C25B-43DA-B115-E3C8CC5192EA}.Debug|x64.Build.0 = Debug|x64
		{256EFCC4-C25B-43DA-B115-E3C8CC5192EA}.Debug|x86.ActiveCfg = Debug|Win32
		{256EFCC4-C25B-43DA-B115-E3C8CC5192EA}.Debug|x86.Build.0 = Debug|Win32
		{256EFCC4-C25B-43DA-B115-E3C8CC5192EA}.Release|x64.ActiveCfg = Release|x64
		{256EFCC4-C25B-43DA-B115-E3C8CC5192EA}.Release|x64.Build.0 = Release|x64
		{256EFCC4-C25B-43DA-B115-E3C8CC5192EA}.Release|x86.ActiveCfg = Release|Win32
		{256EFCC4-C25B-43DA-B115-E3C8CC5192EA}.Release|x86.Build.0 = Release|Win32
	EndGlobalSection
	GlobalSection(SolutionProperties) = preSolution
		HideSolutionNode = FALSE
	EndGlobalSection
	GlobalSection(ExtensibilityGlobals) = postSolution
		SolutionGuid = {FC99B193-8149-42B0-95AA-C82C7C1E0DCA}
	EndGlobalSection
EndGlobal
